
Microsoft Visual Studio Solution File, Format Version 12.00
# Visual Studio 14
VisualStudioVersion = 14.0.25420.1
MinimumVisualStudioVersion = 10.0.40219.1
Project("{2150E333-8FDC-42A3-9474-1A3956D46DE8}") = "src", "src", "{E0C21A18-FEC4-40EC-8CA9-B6B9217A1157}"
EndProject
Project("{2150E333-8FDC-42A3-9474-1A3956D46DE8}") = "Solution Items", "Solution Items", "{92883021-997B-4F4B-A505-591AA53A6EFC}"
	ProjectSection(SolutionItems) = preProject
		global.json = global.json
	EndProjectSection
EndProject
Project("{8BB2217D-0F2D-49D1-97BC-3654ED321F3B}") = "NetCore.Zhu", "src\NetCore.Zhu\NetCore.Zhu.xproj", "{5C5405C1-0AD5-4A73-ACC3-6B9388A34A0E}"
EndProject
Project("{2150E333-8FDC-42A3-9474-1A3956D46DE8}") = "Web", "Web", "{041A66B8-42EA-4251-9775-0A2EA2E38F29}"
EndProject
Project("{2150E333-8FDC-42A3-9474-1A3956D46DE8}") = "01.Dao", "01.Dao", "{A0D0122C-208D-48E1-BA28-D3820F6CD717}"
EndProject
Project("{8BB2217D-0F2D-49D1-97BC-3654ED321F3B}") = "NetCore.Zhu.Service", "src\NetCore.Zhu.Service\NetCore.Zhu.Service.xproj", "{BE9D48B6-0DBC-40AB-BB53-CF2611C7E43B}"
EndProject
Project("{2150E333-8FDC-42A3-9474-1A3956D46DE8}") = "02.Service", "02.Service", "{12106775-93C3-4BC1-8F34-74631711EC04}"
EndProject
Project("{8BB2217D-0F2D-49D1-97BC-3654ED321F3B}") = "NetCore.Zhu.Dao", "src\NetCore.Zhu.Dao\NetCore.Zhu.Dao.xproj", "{BFE217D3-4E05-46CB-8868-98A22109473A}"
EndProject
Project("{2150E333-8FDC-42A3-9474-1A3956D46DE8}") = "03.Models", "03.Models", "{F2770BCA-B303-4198-8BCC-E0BBEF30EA7B}"
EndProject
Project("{8BB2217D-0F2D-49D1-97BC-3654ED321F3B}") = "NetCore.Zhu.Models", "src\NetCore.Zhu.Models\NetCore.Zhu.Models.xproj", "{AF4C538C-5D49-4D7D-9727-173FCCAF7E35}"
EndProject
Project("{8BB2217D-0F2D-49D1-97BC-3654ED321F3B}") = "NetCore.Zhu.Repository", "src\NetCore.Zhu.Repository\NetCore.Zhu.Repository.xproj", "{FC1E74F2-8898-4C0F-9A70-057CB1AF9527}"
EndProject
Project("{2150E333-8FDC-42A3-9474-1A3956D46DE8}") = "Repository", "Repository", "{DE154409-1190-47E4-AB56-3146E2FBF211}"
EndProject
Project("{8BB2217D-0F2D-49D1-97BC-3654ED321F3B}") = "NetCore.Zhu.Infrastructure", "src\NetCore.Zhu.Infrastructure\NetCore.Zhu.Infrastructure.xproj", "{399735A9-2E3F-46D9-8E71-4A4DA1B42EF0}"
EndProject
Project("{2150E333-8FDC-42A3-9474-1A3956D46DE8}") = "Infrastructure", "Infrastructure", "{9A3D999A-3736-4989-8698-7D38B40F0397}"
EndProject
Project("{8BB2217D-0F2D-49D1-97BC-3654ED321F3B}") = "NetCore.SignalR.ClientOne", "NetCore.SignalR.Server\NetCore.SignalR.ClientOne.xproj", "{21F4E3B8-6FBC-40EA-B922-58DFD6A1651E}"
EndProject
Global
	GlobalSection(SolutionConfigurationPlatforms) = preSolution
		Debug|Any CPU = Debug|Any CPU
		Release|Any CPU = Release|Any CPU
	EndGlobalSection
	GlobalSection(ProjectConfigurationPlatforms) = postSolution
		{5C5405C1-0AD5-4A73-ACC3-6B9388A34A0E}.Debug|Any CPU.ActiveCfg = Debug|Any CPU
		{5C5405C1-0AD5-4A73-ACC3-6B9388A34A0E}.Debug|Any CPU.Build.0 = Debug|Any CPU
		{5C5405C1-0AD5-4A73-ACC3-6B9388A34A0E}.Release|Any CPU.ActiveCfg = Release|Any CPU
		{5C5405C1-0AD5-4A73-ACC3-6B9388A34A0E}.Release|Any CPU.Build.0 = Release|Any CPU
		{BE9D48B6-0DBC-40AB-BB53-CF2611C7E43B}.Debug|Any CPU.ActiveCfg = Debug|Any CPU
		{BE9D48B6-0DBC-40AB-BB53-CF2611C7E43B}.Debug|Any CPU.Build.0 = Debug|Any CPU
		{BE9D48B6-0DBC-40AB-BB53-CF2611C7E43B}.Release|Any CPU.ActiveCfg = Release|Any CPU
		{BE9D48B6-0DBC-40AB-BB53-CF2611C7E43B}.Release|Any CPU.Build.0 = Release|Any CPU
		{BFE217D3-4E05-46CB-8868-98A22109473A}.Debug|Any CPU.ActiveCfg = Debug|Any CPU
		{BFE217D3-4E05-46CB-8868-98A22109473A}.Debug|Any CPU.Build.0 = Debug|Any CPU
		{BFE217D3-4E05-46CB-8868-98A22109473A}.Release|Any CPU.ActiveCfg = Release|Any CPU
		{BFE217D3-4E05-46CB-8868-98A22109473A}.Release|Any CPU.Build.0 = Release|Any CPU
		{AF4C538C-5D49-4D7D-9727-173FCCAF7E35}.Debug|Any CPU.ActiveCfg = Debug|Any CPU
		{AF4C538C-5D49-4D7D-9727-173FCCAF7E35}.Debug|Any CPU.Build.0 = Debug|Any CPU
		{AF4C538C-5D49-4D7D-9727-173FCCAF7E35}.Release|Any CPU.ActiveCfg = Release|Any CPU
		{AF4C538C-5D49-4D7D-9727-173FCCAF7E35}.Release|Any CPU.Build.0 = Release|Any CPU
		{FC1E74F2-8898-4C0F-9A70-057CB1AF9527}.Debug|Any CPU.ActiveCfg = Debug|Any CPU
		{FC1E74F2-8898-4C0F-9A70-057CB1AF9527}.Debug|Any CPU.Build.0 = Debug|Any CPU
		{FC1E74F2-8898-4C0F-9A70-057CB1AF9527}.Release|Any CPU.ActiveCfg = Release|Any CPU
		{FC1E74F2-8898-4C0F-9A70-057CB1AF9527}.Release|Any CPU.Build.0 = Release|Any CPU
		{399735A9-2E3F-46D9-8E71-4A4DA1B42EF0}.Debug|Any CPU.ActiveCfg = Debug|Any CPU
		{399735A9-2E3F-46D9-8E71-4A4DA1B42EF0}.Debug|Any CPU.Build.0 = Debug|Any CPU
		{399735A9-2E3F-46D9-8E71-4A4DA1B42EF0}.Release|Any CPU.ActiveCfg = Release|Any CPU
		{399735A9-2E3F-46D9-8E71-4A4DA1B42EF0}.Release|Any CPU.Build.0 = Release|Any CPU
		{21F4E3B8-6FBC-40EA-B922-58DFD6A1651E}.Debug|Any CPU.ActiveCfg = Debug|Any CPU
		{21F4E3B8-6FBC-40EA-B922-58DFD6A1651E}.Debug|Any CPU.Build.0 = Debug|Any CPU
		{21F4E3B8-6FBC-40EA-B922-58DFD6A1651E}.Release|Any CPU.ActiveCfg = Release|Any CPU
		{21F4E3B8-6FBC-40EA-B922-58DFD6A1651E}.Release|Any CPU.Build.0 = Release|Any CPU
	EndGlobalSection
	GlobalSection(SolutionProperties) = preSolution
		HideSolutionNode = FALSE
	EndGlobalSection
	GlobalSection(NestedProjects) = preSolution
		{5C5405C1-0AD5-4A73-ACC3-6B9388A34A0E} = {041A66B8-42EA-4251-9775-0A2EA2E38F29}
		{041A66B8-42EA-4251-9775-0A2EA2E38F29} = {E0C21A18-FEC4-40EC-8CA9-B6B9217A1157}
		{A0D0122C-208D-48E1-BA28-D3820F6CD717} = {E0C21A18-FEC4-40EC-8CA9-B6B9217A1157}
		{BE9D48B6-0DBC-40AB-BB53-CF2611C7E43B} = {12106775-93C3-4BC1-8F34-74631711EC04}
		{12106775-93C3-4BC1-8F34-74631711EC04} = {E0C21A18-FEC4-40EC-8CA9-B6B9217A1157}
		{BFE217D3-4E05-46CB-8868-98A22109473A} = {A0D0122C-208D-48E1-BA28-D3820F6CD717}
		{F2770BCA-B303-4198-8BCC-E0BBEF30EA7B} = {E0C21A18-FEC4-40EC-8CA9-B6B9217A1157}
		{AF4C538C-5D49-4D7D-9727-173FCCAF7E35} = {F2770BCA-B303-4198-8BCC-E0BBEF30EA7B}
		{FC1E74F2-8898-4C0F-9A70-057CB1AF9527} = {DE154409-1190-47E4-AB56-3146E2FBF211}
		{DE154409-1190-47E4-AB56-3146E2FBF211} = {E0C21A18-FEC4-40EC-8CA9-B6B9217A1157}
		{399735A9-2E3F-46D9-8E71-4A4DA1B42EF0} = {9A3D999A-3736-4989-8698-7D38B40F0397}
		{9A3D999A-3736-4989-8698-7D38B40F0397} = {E0C21A18-FEC4-40EC-8CA9-B6B9217A1157}
		{21F4E3B8-6FBC-40EA-B922-58DFD6A1651E} = {041A66B8-42EA-4251-9775-0A2EA2E38F29}
	EndGlobalSection
EndGlobal
